
Microsoft Visual Studio Solution File, Format Version 12.00
# Visual Studio Version 16
VisualStudioVersion = 16.0.29411.108
MinimumVisualStudioVersion = 10.0.40219.1
Project("{9A19103F-16F7-4668-BE54-9A1E7A4F7556}") = "Delta.Booking.WebApi", "Delta.Booking.WebApi\Delta.Booking.WebApi.csproj", "{394C6DA4-D032-405D-BDFB-EE5D77FEC768}"
EndProject
Project("{9A19103F-16F7-4668-BE54-9A1E7A4F7556}") = "Delta.Booking.Tests", "Delta.Booking.Tests\Delta.Booking.Tests.csproj", "{9710BC82-19A3-4CD5-946C-E94F919BAFB1}"
EndProject
Global
	GlobalSection(SolutionConfigurationPlatforms) = preSolution
		Debug|Any CPU = Debug|Any CPU
		Release|Any CPU = Release|Any CPU
	EndGlobalSection
	GlobalSection(ProjectConfigurationPlatforms) = postSolution
		{394C6DA4-D032-405D-BDFB-EE5D77FEC768}.Debug|Any CPU.ActiveCfg = Debug|Any CPU
		{394C6DA4-D032-405D-BDFB-EE5D77FEC768}.Debug|Any CPU.Build.0 = Debug|Any CPU
		{394C6DA4-D032-405D-BDFB-EE5D77FEC768}.Release|Any CPU.ActiveCfg = Release|Any CPU
		{394C6DA4-D032-405D-BDFB-EE5D77FEC768}.Release|Any CPU.Build.0 = Release|Any CPU
		{9710BC82-19A3-4CD5-946C-E94F919BAFB1}.Debug|Any CPU.ActiveCfg = Debug|Any CPU
		{9710BC82-19A3-4CD5-946C-E94F919BAFB1}.Debug|Any CPU.Build.0 = Debug|Any CPU
		{9710BC82-19A3-4CD5-946C-E94F919BAFB1}.Release|Any CPU.ActiveCfg = Release|Any CPU
		{9710BC82-19A3-4CD5-946C-E94F919BAFB1}.Release|Any CPU.Build.0 = Release|Any CPU
	EndGlobalSection
	GlobalSection(SolutionProperties) = preSolution
		HideSolutionNode = FALSE
	EndGlobalSection
	GlobalSection(ExtensibilityGlobals) = postSolution
		SolutionGuid = {5500843F-5079-407C-8FED-B061B47ACD59}
	EndGlobalSection
EndGlobal
